// !$*UTF8*$!
{
	archiveVersion = 1;
	classes = {
	};
	objectVersion = 46;
	objects = {

/* Begin PBXBuildFile section */
		234D1DEC1F3AB0A200D3CA6C /* SystemConfiguration.framework in Frameworks */ = {isa = PBXBuildFile; fileRef = 234D1DEB1F3AB0A200D3CA6C /* SystemConfiguration.framework */; };
		234D1DEE1F3AB0A200D3CA6C /* Foundation.framework in Frameworks */ = {isa = PBXBuildFile; fileRef = 234D1DED1F3AB0A200D3CA6C /* Foundation.framework */; };
		234D1DF01F3AB0A200D3CA6C /* UIKit.framework in Frameworks */ = {isa = PBXBuildFile; fileRef = 234D1DEF1F3AB0A200D3CA6C /* UIKit.framework */; };
		234D1DF21F3AB0A200D3CA6C /* CoreImage.framework in Frameworks */ = {isa = PBXBuildFile; fileRef = 234D1DF11F3AB0A200D3CA6C /* CoreImage.framework */; };
		234D1DF61F3AB0A200D3CA6C /* main.m in Sources */ = {isa = PBXBuildFile; fileRef = 234D1DF51F3AB0A200D3CA6C /* main.m */; };
		234D1DF91F3AB0A200D3CA6C /* AppDelegate.m in Sources */ = {isa = PBXBuildFile; fileRef = 234D1DF81F3AB0A200D3CA6C /* AppDelegate.m */; };
		234D1DFC1F3AB0A200D3CA6C /* ViewController.m in Sources */ = {isa = PBXBuildFile; fileRef = 234D1DFB1F3AB0A200D3CA6C /* ViewController.m */; };
		234D1DFF1F3AB0A200D3CA6C /* PrefixHeader.pch in Resources */ = {isa = PBXBuildFile; fileRef = 234D1DFE1F3AB0A200D3CA6C /* PrefixHeader.pch */; };
		234D1E071F3AB0A200D3CA6C /* ZGBaseController.m in Sources */ = {isa = PBXBuildFile; fileRef = 234D1E061F3AB0A200D3CA6C /* ZGBaseController.m */; };
		234D1E0A1F3AB0A200D3CA6C /* ZGNavigationController.m in Sources */ = {isa = PBXBuildFile; fileRef = 234D1E091F3AB0A200D3CA6C /* ZGNavigationController.m */; };
		234D1E0D1F3AB0A200D3CA6C /* ZGTabBarController.m in Sources */ = {isa = PBXBuildFile; fileRef = 234D1E0C1F3AB0A200D3CA6C /* ZGTabBarController.m */; };
		234D1E111F3AB0A200D3CA6C /* AppDelegate+AppService.m in Sources */ = {isa = PBXBuildFile; fileRef = 234D1E101F3AB0A200D3CA6C /* AppDelegate+AppService.m */; };
		234D1E191F3AB0A200D3CA6C /* View in Resources */ = {isa = PBXBuildFile; fileRef = 234D1E181F3AB0A200D3CA6C /* View */; };
		234D1E201F3AB0A200D3CA6C /* View in Resources */ = {isa = PBXBuildFile; fileRef = 234D1E1F1F3AB0A200D3CA6C /* View */; };
		234D1E271F3AB0A200D3CA6C /* View in Resources */ = {isa = PBXBuildFile; fileRef = 234D1E261F3AB0A200D3CA6C /* View */; };
		234D1E291F3AB0A200D3CA6C /* Manager in Resources */ = {isa = PBXBuildFile; fileRef = 234D1E281F3AB0A200D3CA6C /* Manager */; };
		234D1E2B1F3AB0A200D3CA6C /* ThridParty in Resources */ = {isa = PBXBuildFile; fileRef = 234D1E2A1F3AB0A200D3CA6C /* ThridParty */; };
		234D1E2D1F3AB0A200D3CA6C /* Resource in Resources */ = {isa = PBXBuildFile; fileRef = 234D1E2C1F3AB0A200D3CA6C /* Resource */; };
		234D1E2F1F3AB0A200D3CA6C /* Utils in Resources */ = {isa = PBXBuildFile; fileRef = 234D1E2E1F3AB0A200D3CA6C /* Utils */; };
		234D1E321F3AB0A200D3CA6C /* Main.storyboard in Resources */ = {isa = PBXBuildFile; fileRef = 234D1E301F3AB0A200D3CA6C /* Main.storyboard */; };
		234D1E341F3AB0A200D3CA6C /* Assets.xcassets in Resources */ = {isa = PBXBuildFile; fileRef = 234D1E331F3AB0A200D3CA6C /* Assets.xcassets */; };
		234D1E371F3AB0A200D3CA6C /* LaunchScreen.storyboard in Resources */ = {isa = PBXBuildFile; fileRef = 234D1E351F3AB0A200D3CA6C /* LaunchScreen.storyboard */; };
		C87D91C9A1573C13EB1658C9 /* libPods-ZGWHKitDemo.a in Frameworks */ = {isa = PBXBuildFile; fileRef = 5E5753BCD8791AF7F6995418 /* libPods-ZGWHKitDemo.a */; };
/* End PBXBuildFile section */

/* Begin PBXFileReference section */
		234D1DE81F3AB0A200D3CA6C /* ZGWHKitDemo.app */ = {isa = PBXFileReference; explicitFileType = wrapper.application; includeInIndex = 0; path = ZGWHKitDemo.app; sourceTree = BUILT_PRODUCTS_DIR; };
		234D1DEB1F3AB0A200D3CA6C /* SystemConfiguration.framework */ = {isa = PBXFileReference; lastKnownFileType = wrapper.framework; name = SystemConfiguration.framework; path = System/Library/Frameworks/SystemConfiguration.framework; sourceTree = SDKROOT; };
		234D1DED1F3AB0A200D3CA6C /* Foundation.framework */ = {isa = PBXFileReference; lastKnownFileType = wrapper.framework; name = Foundation.framework; path = System/Library/Frameworks/Foundation.framework; sourceTree = SDKROOT; };
		234D1DEF1F3AB0A200D3CA6C /* UIKit.framework */ = {isa = PBXFileReference; lastKnownFileType = wrapper.framework; name = UIKit.framework; path = System/Library/Frameworks/UIKit.framework; sourceTree = SDKROOT; };
		234D1DF11F3AB0A200D3CA6C /* CoreImage.framework */ = {isa = PBXFileReference; lastKnownFileType = wrapper.framework; name = CoreImage.framework; path = System/Library/Frameworks/CoreImage.framework; sourceTree = SDKROOT; };
		234D1DF51F3AB0A200D3CA6C /* main.m */ = {isa = PBXFileReference; lastKnownFileType = sourcecode.c.objc; path = main.m; sourceTree = "<group>"; };
		234D1DF71F3AB0A200D3CA6C /* AppDelegate.h */ = {isa = PBXFileReference; lastKnownFileType = sourcecode.c.h; path = AppDelegate.h; sourceTree = "<group>"; };
		234D1DF81F3AB0A200D3CA6C /* AppDelegate.m */ = {isa = PBXFileReference; lastKnownFileType = sourcecode.c.objc; path = AppDelegate.m; sourceTree = "<group>"; };
		234D1DFA1F3AB0A200D3CA6C /* ViewController.h */ = {isa = PBXFileReference; lastKnownFileType = sourcecode.c.h; path = ViewController.h; sourceTree = "<group>"; };
		234D1DFB1F3AB0A200D3CA6C /* ViewController.m */ = {isa = PBXFileReference; lastKnownFileType = sourcecode.c.objc; path = ViewController.m; sourceTree = "<group>"; };
		234D1DFE1F3AB0A200D3CA6C /* PrefixHeader.pch */ = {isa = PBXFileReference; lastKnownFileType = sourcecode.c.h; name = PrefixHeader.pch; path = Define/PrefixHeader.pch; sourceTree = "<group>"; };
		234D1E001F3AB0A200D3CA6C /* ZGFontAndColorMacros.h */ = {isa = PBXFileReference; lastKnownFileType = sourcecode.c.h; name = ZGFontAndColorMacros.h; path = Define/ZGFontAndColorMacros.h; sourceTree = "<group>"; };
		234D1E011F3AB0A200D3CA6C /* ZGThirdMacros.h */ = {isa = PBXFileReference; lastKnownFileType = sourcecode.c.h; name = ZGThirdMacros.h; path = Define/ZGThirdMacros.h; sourceTree = "<group>"; };
		234D1E021F3AB0A200D3CA6C /* ZGURLMacros.h */ = {isa = PBXFileReference; lastKnownFileType = sourcecode.c.h; name = ZGURLMacros.h; path = Define/ZGURLMacros.h; sourceTree = "<group>"; };
		234D1E031F3AB0A200D3CA6C /* ZGUtilsMacros.h */ = {isa = PBXFileReference; lastKnownFileType = sourcecode.c.h; name = ZGUtilsMacros.h; path = Define/ZGUtilsMacros.h; sourceTree = "<group>"; };
		234D1E051F3AB0A200D3CA6C /* ZGBaseController.h */ = {isa = PBXFileReference; lastKnownFileType = sourcecode.c.h; name = ZGBaseController.h; path = Base/ZGBaseController.h; sourceTree = "<group>"; };
		234D1E061F3AB0A200D3CA6C /* ZGBaseController.m */ = {isa = PBXFileReference; lastKnownFileType = sourcecode.c.objc; name = ZGBaseController.m; path = Base/ZGBaseController.m; sourceTree = "<group>"; };
		234D1E081F3AB0A200D3CA6C /* ZGNavigationController.h */ = {isa = PBXFileReference; lastKnownFileType = sourcecode.c.h; name = ZGNavigationController.h; path = Base/ZGNavigationController.h; sourceTree = "<group>"; };
		234D1E091F3AB0A200D3CA6C /* ZGNavigationController.m */ = {isa = PBXFileReference; lastKnownFileType = sourcecode.c.objc; name = ZGNavigationController.m; path = Base/ZGNavigationController.m; sourceTree = "<group>"; };
		234D1E0B1F3AB0A200D3CA6C /* ZGTabBarController.h */ = {isa = PBXFileReference; lastKnownFileType = sourcecode.c.h; name = ZGTabBarController.h; path = Base/ZGTabBarController.h; sourceTree = "<group>"; };
		234D1E0C1F3AB0A200D3CA6C /* ZGTabBarController.m */ = {isa = PBXFileReference; lastKnownFileType = sourcecode.c.objc; name = ZGTabBarController.m; path = Base/ZGTabBarController.m; sourceTree = "<group>"; };
		234D1E0F1F3AB0A200D3CA6C /* AppDelegate+AppService.h */ = {isa = PBXFileReference; lastKnownFileType = sourcecode.c.h; name = "AppDelegate+AppService.h"; path = "AppDelegate/AppDelegate+AppService.h"; sourceTree = "<group>"; };
		234D1E101F3AB0A200D3CA6C /* AppDelegate+AppService.m */ = {isa = PBXFileReference; lastKnownFileType = sourcecode.c.objc; name = "AppDelegate+AppService.m"; path = "AppDelegate/AppDelegate+AppService.m"; sourceTree = "<group>"; };
		234D1E151F3AB0A200D3CA6C /* ZGHomeController.h */ = {isa = PBXFileReference; lastKnownFileType = sourcecode.c.h; path = ZGHomeController.h; sourceTree = "<group>"; };
		234D1E161F3AB0A200D3CA6C /* ZGHomeController.m */ = {isa = PBXFileReference; lastKnownFileType = sourcecode.c.objc; path = ZGHomeController.m; sourceTree = "<group>"; };
		234D1E1C1F3AB0A200D3CA6C /* ZGLoginController.h */ = {isa = PBXFileReference; lastKnownFileType = sourcecode.c.h; path = ZGLoginController.h; sourceTree = "<group>"; };
		234D1E1D1F3AB0A200D3CA6C /* ZGLoginController.m */ = {isa = PBXFileReference; lastKnownFileType = sourcecode.c.objc; path = ZGLoginController.m; sourceTree = "<group>"; };
		234D1E231F3AB0A200D3CA6C /* ZGMineController.h */ = {isa = PBXFileReference; lastKnownFileType = sourcecode.c.h; path = ZGMineController.h; sourceTree = "<group>"; };
		234D1E241F3AB0A200D3CA6C /* ZGMineController.m */ = {isa = PBXFileReference; lastKnownFileType = sourcecode.c.objc; path = ZGMineController.m; sourceTree = "<group>"; };
		234D1E311F3AB0A200D3CA6C /* Base */ = {isa = PBXFileReference; lastKnownFileType = file.storyboard; name = Base; path = Base.lproj/Main.storyboard; sourceTree = "<group>"; };
		234D1E331F3AB0A200D3CA6C /* Assets.xcassets */ = {isa = PBXFileReference; lastKnownFileType = folder.assetcatalog; name = Assets.xcassets; path = ../Assets.xcassets; sourceTree = "<group>"; };
		234D1E361F3AB0A200D3CA6C /* Base */ = {isa = PBXFileReference; lastKnownFileType = file.storyboard; name = Base; path = Base.lproj/LaunchScreen.storyboard; sourceTree = "<group>"; };
		234D1E381F3AB0A200D3CA6C /* Info.plist */ = {isa = PBXFileReference; lastKnownFileType = text.plist.xml; name = Info.plist; path = ../Info.plist; sourceTree = "<group>"; };
		4869FE0CD109484989DAFC5E /* Pods-ZGWHKitDemo.debug.xcconfig */ = {isa = PBXFileReference; includeInIndex = 1; lastKnownFileType = text.xcconfig; name = "Pods-ZGWHKitDemo.debug.xcconfig"; path = "Pods/Target Support Files/Pods-ZGWHKitDemo/Pods-ZGWHKitDemo.debug.xcconfig"; sourceTree = "<group>"; };
		5E5753BCD8791AF7F6995418 /* libPods-ZGWHKitDemo.a */ = {isa = PBXFileReference; explicitFileType = archive.ar; includeInIndex = 0; path = "libPods-ZGWHKitDemo.a"; sourceTree = BUILT_PRODUCTS_DIR; };
		920A966E6E8F68DA74CC62E2 /* Pods-ZGWHKitDemo.release.xcconfig */ = {isa = PBXFileReference; includeInIndex = 1; lastKnownFileType = text.xcconfig; name = "Pods-ZGWHKitDemo.release.xcconfig"; path = "Pods/Target Support Files/Pods-ZGWHKitDemo/Pods-ZGWHKitDemo.release.xcconfig"; sourceTree = "<group>"; };
/* End PBXFileReference section */

/* Begin PBXFrameworksBuildPhase section */
		234D1DE51F3AB0A200D3CA6C /* Frameworks */ = {
			isa = PBXFrameworksBuildPhase;
			buildActionMask = 2147483647;
			files = (
				234D1DEC1F3AB0A200D3CA6C /* SystemConfiguration.framework in Frameworks */,
				234D1DF01F3AB0A200D3CA6C /* UIKit.framework in Frameworks */,
				234D1DEE1F3AB0A200D3CA6C /* Foundation.framework in Frameworks */,
				234D1DF21F3AB0A200D3CA6C /* CoreImage.framework in Frameworks */,
				C87D91C9A1573C13EB1658C9 /* libPods-ZGWHKitDemo.a in Frameworks */,
			);
			runOnlyForDeploymentPostprocessing = 0;
		};
/* End PBXFrameworksBuildPhase section */

/* Begin PBXGroup section */
		234D1DDF1F3AB0A200D3CA6C = {
			isa = PBXGroup;
			children = (
				234D1DF31F3AB0A200D3CA6C /* ZGWHKitDemo */,
				234D1DEA1F3AB0A200D3CA6C /* Frameworks */,
				234D1DE91F3AB0A200D3CA6C /* Products */,
				B71A5BCA95AE8251F8463BFE /* Pods */,
			);
			sourceTree = "<group>";
		};
		234D1DE91F3AB0A200D3CA6C /* Products */ = {
			isa = PBXGroup;
			children = (
				234D1DE81F3AB0A200D3CA6C /* ZGWHKitDemo.app */,
			);
			name = Products;
			sourceTree = "<group>";
		};
		234D1DEA1F3AB0A200D3CA6C /* Frameworks */ = {
			isa = PBXGroup;
			children = (
				234D1DEB1F3AB0A200D3CA6C /* SystemConfiguration.framework */,
				234D1DED1F3AB0A200D3CA6C /* Foundation.framework */,
				234D1DEF1F3AB0A200D3CA6C /* UIKit.framework */,
				234D1DF11F3AB0A200D3CA6C /* CoreImage.framework */,
				5E5753BCD8791AF7F6995418 /* libPods-ZGWHKitDemo.a */,
			);
			name = Frameworks;
			sourceTree = "<group>";
		};
		234D1DF31F3AB0A200D3CA6C /* ZGWHKitDemo */ = {
			isa = PBXGroup;
			children = (
				234D1E2E1F3AB0A200D3CA6C /* Utils */,
				234D1E2C1F3AB0A200D3CA6C /* Resource */,
				234D1E2A1F3AB0A200D3CA6C /* ThridParty */,
				234D1E281F3AB0A200D3CA6C /* Manager */,
				234D1DFD1F3AB0A200D3CA6C /* Define */,
				234D1E041F3AB0A200D3CA6C /* Base */,
				234D1E0E1F3AB0A200D3CA6C /* AppDelegate */,
				234D1E121F3AB0A200D3CA6C /* Classes */,
				234D1DF41F3AB0A200D3CA6C /* Supporting Files */,
			);
			path = ZGWHKitDemo;
			sourceTree = "<group>";
		};
		234D1DF41F3AB0A200D3CA6C /* Supporting Files */ = {
			isa = PBXGroup;
			children = (
				234D1E301F3AB0A200D3CA6C /* Main.storyboard */,
				234D1E351F3AB0A200D3CA6C /* LaunchScreen.storyboard */,
				234D1DF51F3AB0A200D3CA6C /* main.m */,
			);
			name = "Supporting Files";
			sourceTree = "<group>";
		};
		234D1DFD1F3AB0A200D3CA6C /* Define */ = {
			isa = PBXGroup;
			children = (
				234D1DFE1F3AB0A200D3CA6C /* PrefixHeader.pch */,
				234D1E001F3AB0A200D3CA6C /* ZGFontAndColorMacros.h */,
				234D1E011F3AB0A200D3CA6C /* ZGThirdMacros.h */,
				234D1E021F3AB0A200D3CA6C /* ZGURLMacros.h */,
				234D1E031F3AB0A200D3CA6C /* ZGUtilsMacros.h */,
			);
			name = Define;
			sourceTree = "<group>";
		};
		234D1E041F3AB0A200D3CA6C /* Base */ = {
			isa = PBXGroup;
			children = (
				234D1E051F3AB0A200D3CA6C /* ZGBaseController.h */,
				234D1E061F3AB0A200D3CA6C /* ZGBaseController.m */,
				234D1E081F3AB0A200D3CA6C /* ZGNavigationController.h */,
				234D1E091F3AB0A200D3CA6C /* ZGNavigationController.m */,
				234D1E0B1F3AB0A200D3CA6C /* ZGTabBarController.h */,
				234D1E0C1F3AB0A200D3CA6C /* ZGTabBarController.m */,
			);
			name = Base;
			sourceTree = "<group>";
		};
		234D1E0E1F3AB0A200D3CA6C /* AppDelegate */ = {
			isa = PBXGroup;
			children = (
				234D1DF71F3AB0A200D3CA6C /* AppDelegate.h */,
				234D1DF81F3AB0A200D3CA6C /* AppDelegate.m */,
				234D1DFA1F3AB0A200D3CA6C /* ViewController.h */,
				234D1DFB1F3AB0A200D3CA6C /* ViewController.m */,
				234D1E0F1F3AB0A200D3CA6C /* AppDelegate+AppService.h */,
				234D1E101F3AB0A200D3CA6C /* AppDelegate+AppService.m */,
			);
			name = AppDelegate;
			sourceTree = "<group>";
		};
		234D1E121F3AB0A200D3CA6C /* Classes */ = {
			isa = PBXGroup;
			children = (
				234D1E211F3AB0A200D3CA6C /* Mine */,
				234D1E1A1F3AB0A200D3CA6C /* Login */,
				234D1E131F3AB0A200D3CA6C /* Home */,
			);
			name = Classes;
			sourceTree = "<group>";
		};
		234D1E131F3AB0A200D3CA6C /* Home */ = {
			isa = PBXGroup;
			children = (
				234D1E141F3AB0A200D3CA6C /* Controller */,
				234D1E171F3AB0A200D3CA6C /* Model */,
				234D1E181F3AB0A200D3CA6C /* View */,
			);
			name = Home;
			path = Classes/Home;
			sourceTree = "<group>";
		};
		234D1E141F3AB0A200D3CA6C /* Controller */ = {
			isa = PBXGroup;
			children = (
				234D1E151F3AB0A200D3CA6C /* ZGHomeController.h */,
				234D1E161F3AB0A200D3CA6C /* ZGHomeController.m */,
			);
			path = Controller;
			sourceTree = "<group>";
		};
		234D1E171F3AB0A200D3CA6C /* Model */ = {
			isa = PBXGroup;
			children = (
			);
			path = Model;
			sourceTree = "<group>";
		};
		234D1E181F3AB0A200D3CA6C /* View */ = {
			isa = PBXGroup;
			children = (
			);
			name = View;
			sourceTree = "<group>";
		};
		234D1E1A1F3AB0A200D3CA6C /* Login */ = {
			isa = PBXGroup;
			children = (
				234D1E1B1F3AB0A200D3CA6C /* Controller */,
				234D1E1E1F3AB0A200D3CA6C /* Model */,
				234D1E1F1F3AB0A200D3CA6C /* View */,
			);
			name = Login;
			path = Classes/Login;
			sourceTree = "<group>";
		};
		234D1E1B1F3AB0A200D3CA6C /* Controller */ = {
			isa = PBXGroup;
			children = (
				234D1E1C1F3AB0A200D3CA6C /* ZGLoginController.h */,
				234D1E1D1F3AB0A200D3CA6C /* ZGLoginController.m */,
			);
			path = Controller;
			sourceTree = "<group>";
		};
		234D1E1E1F3AB0A200D3CA6C /* Model */ = {
			isa = PBXGroup;
			children = (
			);
			path = Model;
			sourceTree = "<group>";
		};
		234D1E1F1F3AB0A200D3CA6C /* View */ = {
			isa = PBXGroup;
			children = (
			);
			name = View;
			sourceTree = "<group>";
		};
		234D1E211F3AB0A200D3CA6C /* Mine */ = {
			isa = PBXGroup;
			children = (
				234D1E221F3AB0A200D3CA6C /* Controller */,
				234D1E251F3AB0A200D3CA6C /* Model */,
				234D1E261F3AB0A200D3CA6C /* View */,
			);
			name = Mine;
			path = Classes/Mine;
			sourceTree = "<group>";
		};
		234D1E221F3AB0A200D3CA6C /* Controller */ = {
			isa = PBXGroup;
			children = (
				234D1E231F3AB0A200D3CA6C /* ZGMineController.h */,
				234D1E241F3AB0A200D3CA6C /* ZGMineController.m */,
			);
			path = Controller;
			sourceTree = "<group>";
		};
		234D1E251F3AB0A200D3CA6C /* Model */ = {
			isa = PBXGroup;
			children = (
			);
			path = Model;
			sourceTree = "<group>";
		};
		234D1E261F3AB0A200D3CA6C /* View */ = {
			isa = PBXGroup;
			children = (
			);
			name = View;
			sourceTree = "<group>";
		};
		234D1E281F3AB0A200D3CA6C /* Manager */ = {
			isa = PBXGroup;
			children = (
			);
			path = Manager;
			sourceTree = "<group>";
		};
		234D1E2A1F3AB0A200D3CA6C /* ThridParty */ = {
			isa = PBXGroup;
			children = (
			);
			path = ThridParty;
			sourceTree = "<group>";
		};
		234D1E2C1F3AB0A200D3CA6C /* Resource */ = {
			isa = PBXGroup;
			children = (
				234D1E331F3AB0A200D3CA6C /* Assets.xcassets */,
				234D1E381F3AB0A200D3CA6C /* Info.plist */,
			);
			path = Resource;
			sourceTree = "<group>";
		};
		234D1E2E1F3AB0A200D3CA6C /* Utils */ = {
			isa = PBXGroup;
			children = (
			);
			path = Utils;
			sourceTree = "<group>";
		};
		B71A5BCA95AE8251F8463BFE /* Pods */ = {
			isa = PBXGroup;
			children = (
				4869FE0CD109484989DAFC5E /* Pods-ZGWHKitDemo.debug.xcconfig */,
				920A966E6E8F68DA74CC62E2 /* Pods-ZGWHKitDemo.release.xcconfig */,
			);
			name = Pods;
			sourceTree = "<group>";
		};
/* End PBXGroup section */

/* Begin PBXNativeTarget section */
		234D1DE71F3AB0A200D3CA6C /* ZGWHKitDemo */ = {
			isa = PBXNativeTarget;
			buildConfigurationList = 234D1E3B1F3AB0A200D3CA6C /* Build configuration list for PBXNativeTarget "ZGWHKitDemo" */;
			buildPhases = (
				A965A346B1659085EF0A3EE4 /* [CP] Check Pods Manifest.lock */,
				234D1DE41F3AB0A200D3CA6C /* Sources */,
				234D1DE51F3AB0A200D3CA6C /* Frameworks */,
				234D1DE61F3AB0A200D3CA6C /* Resources */,
				767EF28717EA0A098A5CFC1B /* [CP] Embed Pods Frameworks */,
				5262D20ED4E7C9B62DB65D42 /* [CP] Copy Pods Resources */,
			);
			buildRules = (
			);
			dependencies = (
			);
			name = ZGWHKitDemo;
			productName = ZGWHKitDemo;
			productReference = 234D1DE81F3AB0A200D3CA6C /* ZGWHKitDemo.app */;
			productType = "com.apple.product-type.application";
		};
/* End PBXNativeTarget section */

/* Begin PBXProject section */
		234D1DE01F3AB0A200D3CA6C /* Project object */ = {
			isa = PBXProject;
			attributes = {
				LastUpgradeCheck = 0830;
				ORGANIZATIONNAME = cn;
				TargetAttributes = {
					234D1DE71F3AB0A200D3CA6C = {
						CreatedOnToolsVersion = 8.3.3;
						ProvisioningStyle = Automatic;
					};
				};
			};
			buildConfigurationList = 234D1DE31F3AB0A200D3CA6C /* Build configuration list for PBXProject "ZGWHKitDemo" */;
			compatibilityVersion = "Xcode 3.2";
			developmentRegion = English;
			hasScannedForEncodings = 0;
			knownRegions = (
				en,
				Base,
			);
			mainGroup = 234D1DDF1F3AB0A200D3CA6C;
			productRefGroup = 234D1DE91F3AB0A200D3CA6C /* Products */;
			projectDirPath = "";
			projectRoot = "";
			targets = (
				234D1DE71F3AB0A200D3CA6C /* ZGWHKitDemo */,
			);
		};
/* End PBXProject section */

/* Begin PBXResourcesBuildPhase section */
		234D1DE61F3AB0A200D3CA6C /* Resources */ = {
			isa = PBXResourcesBuildPhase;
			buildActionMask = 2147483647;
			files = (
				234D1DFF1F3AB0A200D3CA6C /* PrefixHeader.pch in Resources */,
				234D1E191F3AB0A200D3CA6C /* View in Resources */,
				234D1E201F3AB0A200D3CA6C /* View in Resources */,
				234D1E2D1F3AB0A200D3CA6C /* Resource in Resources */,
				234D1E341F3AB0A200D3CA6C /* Assets.xcassets in Resources */,
				234D1E271F3AB0A200D3CA6C /* View in Resources */,
				234D1E291F3AB0A200D3CA6C /* Manager in Resources */,
				234D1E321F3AB0A200D3CA6C /* Main.storyboard in Resources */,
				234D1E2F1F3AB0A200D3CA6C /* Utils in Resources */,
				234D1E371F3AB0A200D3CA6C /* LaunchScreen.storyboard in Resources */,
				234D1E2B1F3AB0A200D3CA6C /* ThridParty in Resources */,
			);
			runOnlyForDeploymentPostprocessing = 0;
		};
/* End PBXResourcesBuildPhase section */

/* Begin PBXShellScriptBuildPhase section */
		5262D20ED4E7C9B62DB65D42 /* [CP] Copy Pods Resources */ = {
			isa = PBXShellScriptBuildPhase;
			buildActionMask = 2147483647;
			files = (
			);
			inputPaths = (
			);
			name = "[CP] Copy Pods Resources";
			outputPaths = (
			);
			runOnlyForDeploymentPostprocessing = 0;
			shellPath = /bin/sh;
			shellScript = "\"${SRCROOT}/Pods/Target Support Files/Pods-ZGWHKitDemo/Pods-ZGWHKitDemo-resources.sh\"\n";
			showEnvVarsInLog = 0;
		};
		767EF28717EA0A098A5CFC1B /* [CP] Embed Pods Frameworks */ = {
			isa = PBXShellScriptBuildPhase;
			buildActionMask = 2147483647;
			files = (
			);
			inputPaths = (
			);
			name = "[CP] Embed Pods Frameworks";
			outputPaths = (
			);
			runOnlyForDeploymentPostprocessing = 0;
			shellPath = /bin/sh;
			shellScript = "\"${SRCROOT}/Pods/Target Support Files/Pods-ZGWHKitDemo/Pods-ZGWHKitDemo-frameworks.sh\"\n";
			showEnvVarsInLog = 0;
		};
		A965A346B1659085EF0A3EE4 /* [CP] Check Pods Manifest.lock */ = {
			isa = PBXShellScriptBuildPhase;
			buildActionMask = 2147483647;
			files = (
			);
			inputPaths = (
			);
			name = "[CP] Check Pods Manifest.lock";
			outputPaths = (
			);
			runOnlyForDeploymentPostprocessing = 0;
			shellPath = /bin/sh;
			shellScript = "diff \"${PODS_PODFILE_DIR_PATH}/Podfile.lock\" \"${PODS_ROOT}/Manifest.lock\" > /dev/null\nif [ $? != 0 ] ; then\n    # print error to STDERR\n    echo \"error: The sandbox is not in sync with the Podfile.lock. Run 'pod install' or update your CocoaPods installation.\" >&2\n    exit 1\nfi\n";
			showEnvVarsInLog = 0;
		};
/* End PBXShellScriptBuildPhase section */

/* Begin PBXSourcesBuildPhase section */
		234D1DE41F3AB0A200D3CA6C /* Sources */ = {
			isa = PBXSourcesBuildPhase;
			buildActionMask = 2147483647;
			files = (
				234D1E0A1F3AB0A200D3CA6C /* ZGNavigationController.m in Sources */,
				234D1DFC1F3AB0A200D3CA6C /* ViewController.m in Sources */,
				234D1E0D1F3AB0A200D3CA6C /* ZGTabBarController.m in Sources */,
				234D1E071F3AB0A200D3CA6C /* ZGBaseController.m in Sources */,
				234D1DF91F3AB0A200D3CA6C /* AppDelegate.m in Sources */,
				234D1DF61F3AB0A200D3CA6C /* main.m in Sources */,
				234D1E111F3AB0A200D3CA6C /* AppDelegate+AppService.m in Sources */,
			);
			runOnlyForDeploymentPostprocessing = 0;
		};
/* End PBXSourcesBuildPhase section */

/* Begin PBXVariantGroup section */
		234D1E301F3AB0A200D3CA6C /* Main.storyboard */ = {
			isa = PBXVariantGroup;
			children = (
				234D1E311F3AB0A200D3CA6C /* Base */,
			);
			name = Main.storyboard;
			sourceTree = "<group>";
		};
		234D1E351F3AB0A200D3CA6C /* LaunchScreen.storyboard */ = {
			isa = PBXVariantGroup;
			children = (
				234D1E361F3AB0A200D3CA6C /* Base */,
			);
			name = LaunchScreen.storyboard;
			sourceTree = "<group>";
		};
/* End PBXVariantGroup section */

/* Begin XCBuildConfiguration section */
		234D1E391F3AB0A200D3CA6C /* Debug */ = {
			isa = XCBuildConfiguration;
			buildSettings = {
				ALWAYS_SEARCH_USER_PATHS = NO;
				CLANG_ANALYZER_NONNULL = YES;
				CLANG_ANALYZER_NUMBER_OBJECT_CONVERSION = YES_AGGRESSIVE;
				CLANG_CXX_LANGUAGE_STANDARD = "gnu++0x";
				CLANG_CXX_LIBRARY = "libc++";
				CLANG_ENABLE_MODULES = YES;
				CLANG_ENABLE_OBJC_ARC = YES;
				CLANG_WARN_BOOL_CONVERSION = YES;
				CLANG_WARN_CONSTANT_CONVERSION = YES;
				CLANG_WARN_DIRECT_OBJC_ISA_USAGE = YES_ERROR;
				CLANG_WARN_DOCUMENTATION_COMMENTS = YES;
				CLANG_WARN_EMPTY_BODY = YES;
				CLANG_WARN_ENUM_CONVERSION = YES;
				CLANG_WARN_INFINITE_RECURSION = YES;
				CLANG_WARN_INT_CONVERSION = YES;
				CLANG_WARN_OBJC_ROOT_CLASS = YES_ERROR;
				CLANG_WARN_SUSPICIOUS_MOVE = YES;
				CLANG_WARN_UNREACHABLE_CODE = YES;
				CLANG_WARN__DUPLICATE_METHOD_MATCH = YES;
				"CODE_SIGN_IDENTITY[sdk=iphoneos*]" = "iPhone Developer";
				COPY_PHASE_STRIP = NO;
				DEBUG_INFORMATION_FORMAT = dwarf;
				ENABLE_STRICT_OBJC_MSGSEND = YES;
				ENABLE_TESTABILITY = YES;
				GCC_C_LANGUAGE_STANDARD = gnu99;
				GCC_DYNAMIC_NO_PIC = NO;
				GCC_NO_COMMON_BLOCKS = YES;
				GCC_OPTIMIZATION_LEVEL = 0;
				GCC_PREPROCESSOR_DEFINITIONS = (
					"DEBUG=1",
					"$(inherited)",
				);
				GCC_WARN_64_TO_32_BIT_CONVERSION = YES;
				GCC_WARN_ABOUT_RETURN_TYPE = YES_ERROR;
				GCC_WARN_UNDECLARED_SELECTOR = YES;
				GCC_WARN_UNINITIALIZED_AUTOS = YES_AGGRESSIVE;
				GCC_WARN_UNUSED_FUNCTION = YES;
				GCC_WARN_UNUSED_VARIABLE = YES;
				IPHONEOS_DEPLOYMENT_TARGET = 10.3;
				MTL_ENABLE_DEBUG_INFO = YES;
				ONLY_ACTIVE_ARCH = YES;
				SDKROOT = iphoneos;
				TARGETED_DEVICE_FAMILY = "1,2";
			};
			name = Debug;
		};
		234D1E3A1F3AB0A200D3CA6C /* Release */ = {
			isa = XCBuildConfiguration;
			buildSettings = {
				ALWAYS_SEARCH_USER_PATHS = NO;
				CLANG_ANALYZER_NONNULL = YES;
				CLANG_ANALYZER_NUMBER_OBJECT_CONVERSION = YES_AGGRESSIVE;
				CLANG_CXX_LANGUAGE_STANDARD = "gnu++0x";
				CLANG_CXX_LIBRARY = "libc++";
				CLANG_ENABLE_MODULES = YES;
				CLANG_ENABLE_OBJC_ARC = YES;
				CLANG_WARN_BOOL_CONVERSION = YES;
				CLANG_WARN_CONSTANT_CONVERSION = YES;
				CLANG_WARN_DIRECT_OBJC_ISA_USAGE = YES_ERROR;
				CLANG_WARN_DOCUMENTATION_COMMENTS = YES;
				CLANG_WARN_EMPTY_BODY = YES;
				CLANG_WARN_ENUM_CONVERSION = YES;
				CLANG_WARN_INFINITE_RECURSION = YES;
				CLANG_WARN_INT_CONVERSION = YES;
				CLANG_WARN_OBJC_ROOT_CLASS = YES_ERROR;
				CLANG_WARN_SUSPICIOUS_MOVE = YES;
				CLANG_WARN_UNREACHABLE_CODE = YES;
				CLANG_WARN__DUPLICATE_METHOD_MATCH = YES;
				"CODE_SIGN_IDENTITY[sdk=iphoneos*]" = "iPhone Developer";
				COPY_PHASE_STRIP = NO;
				DEBUG_INFORMATION_FORMAT = "dwarf-with-dsym";
				ENABLE_NS_ASSERTIONS = NO;
				ENABLE_STRICT_OBJC_MSGSEND = YES;
				GCC_C_LANGUAGE_STANDARD = gnu99;
				GCC_NO_COMMON_BLOCKS = YES;
				GCC_WARN_64_TO_32_BIT_CONVERSION = YES;
				GCC_WARN_ABOUT_RETURN_TYPE = YES_ERROR;
				GCC_WARN_UNDECLARED_SELECTOR = YES;
				GCC_WARN_UNINITIALIZED_AUTOS = YES_AGGRESSIVE;
				GCC_WARN_UNUSED_FUNCTION = YES;
				GCC_WARN_UNUSED_VARIABLE = YES;
				IPHONEOS_DEPLOYMENT_TARGET = 10.3;
				MTL_ENABLE_DEBUG_INFO = NO;
				SDKROOT = iphoneos;
				TARGETED_DEVICE_FAMILY = "1,2";
				VALIDATE_PRODUCT = YES;
			};
			name = Release;
		};
		234D1E3C1F3AB0A200D3CA6C /* Debug */ = {
			isa = XCBuildConfiguration;
			baseConfigurationReference = 4869FE0CD109484989DAFC5E /* Pods-ZGWHKitDemo.debug.xcconfig */;
			buildSettings = {
				ASSETCATALOG_COMPILER_APPICON_NAME = AppIcon;
				GCC_PRECOMPILE_PREFIX_HEADER = YES;
				GCC_PREFIX_HEADER = "$(SRCROOT)/ZGWHKitDemo/Define/PrefixHeader.pch";
				INFOPLIST_FILE = ZGWHKitDemo/Info.plist;
				IPHONEOS_DEPLOYMENT_TARGET = 8.0;
				LD_RUNPATH_SEARCH_PATHS = "$(inherited) @executable_path/Frameworks";
				PRODUCT_BUNDLE_IDENTIFIER = offcn.ZGWHKitDemo;
				PRODUCT_NAME = "$(TARGET_NAME)";
			};
			name = Debug;
		};
		234D1E3D1F3AB0A200D3CA6C /* Release */ = {
			isa = XCBuildConfiguration;
			baseConfigurationReference = 920A966E6E8F68DA74CC62E2 /* Pods-ZGWHKitDemo.release.xcconfig */;
			buildSettings = {
				ASSETCATALOG_COMPILER_APPICON_NAME = AppIcon;
				GCC_PRECOMPILE_PREFIX_HEADER = YES;
				GCC_PREFIX_HEADER = "$(SRCROOT)/ZGWHKitDemo/Define/PrefixHeader.pch";
				INFOPLIST_FILE = ZGWHKitDemo/Info.plist;
				IPHONEOS_DEPLOYMENT_TARGET = 8.0;
				LD_RUNPATH_SEARCH_PATHS = "$(inherited) @executable_path/Frameworks";
				PRODUCT_BUNDLE_IDENTIFIER = offcn.ZGWHKitDemo;
				PRODUCT_NAME = "$(TARGET_NAME)";
			};
			name = Release;
		};
/* End XCBuildConfiguration section */

/* Begin XCConfigurationList section */
		234D1DE31F3AB0A200D3CA6C /* Build configuration list for PBXProject "ZGWHKitDemo" */ = {
			isa = XCConfigurationList;
			buildConfigurations = (
				234D1E391F3AB0A200D3CA6C /* Debug */,
				234D1E3A1F3AB0A200D3CA6C /* Release */,
			);
			defaultConfigurationIsVisible = 0;
			defaultConfigurationName = Release;
		};
		234D1E3B1F3AB0A200D3CA6C /* Build configuration list for PBXNativeTarget "ZGWHKitDemo" */ = {
			isa = XCConfigurationList;
			buildConfigurations = (
				234D1E3C1F3AB0A200D3CA6C /* Debug */,
				234D1E3D1F3AB0A200D3CA6C /* Release */,
			);
			defaultConfigurationIsVisible = 0;
			defaultConfigurationName = Release;
		};
/* End XCConfigurationList section */
	};
	rootObject = 234D1DE01F3AB0A200D3CA6C /* Project object */;
}
